
Microsoft Visual Studio Solution File, Format Version 12.00
# Visual Studio 15
VisualStudioVersion = 15.0.27004.2009
MinimumVisualStudioVersion = 10.0.40219.1
Project("{9A19103F-16F7-4668-BE54-9A1E7A4F7556}") = "UtilityDelta.Stepper", "UtilityDelta.Stepper\UtilityDelta.Stepper.csproj", "{E0CE4BD3-FA96-4CCA-9182-304C5B1A8DBA}"
EndProject
Project("{FAE04EC0-301F-11D3-BF4B-00C04F79EFBC}") = "UtilityDelta.Stepper.Test", "UtilityDelta.Stepper.Test\UtilityDelta.Stepper.Test.csproj", "{649F9023-E375-47A5-B17E-28C0C3C5B5E8}"
EndProject
Global
	GlobalSection(SolutionConfigurationPlatforms) = preSolution
		Debug|Any CPU = Debug|Any CPU
		Release|Any CPU = Release|Any CPU
	EndGlobalSection
	GlobalSection(ProjectConfigurationPlatforms) = postSolution
		{E0CE4BD3-FA96-4CCA-9182-304C5B1A8DBA}.Debug|Any CPU.ActiveCfg = Debug|Any CPU
		{E0CE4BD3-FA96-4CCA-9182-304C5B1A8DBA}.Debug|Any CPU.Build.0 = Debug|Any CPU
		{E0CE4BD3-FA96-4CCA-9182-304C5B1A8DBA}.Release|Any CPU.ActiveCfg = Release|Any CPU
		{E0CE4BD3-FA96-4CCA-9182-304C5B1A8DBA}.Release|Any CPU.Build.0 = Release|Any CPU
		{649F9023-E375-47A5-B17E-28C0C3C5B5E8}.Debug|Any CPU.ActiveCfg = Debug|Any CPU
		{649F9023-E375-47A5-B17E-28C0C3C5B5E8}.Debug|Any CPU.Build.0 = Debug|Any CPU
		{649F9023-E375-47A5-B17E-28C0C3C5B5E8}.Release|Any CPU.ActiveCfg = Release|Any CPU
		{649F9023-E375-47A5-B17E-28C0C3C5B5E8}.Release|Any CPU.Build.0 = Release|Any CPU
	EndGlobalSection
	GlobalSection(SolutionProperties) = preSolution
		HideSolutionNode = FALSE
	EndGlobalSection
	GlobalSection(ExtensibilityGlobals) = postSolution
		SolutionGuid = {2F39623C-FEEE-4FB6-9924-8F2E9090E17C}
	EndGlobalSection
EndGlobal
